<?xml version="1.0" encoding="UTF-8"?>
<Scheme
   LastUpgradeVersion = "0700"
   version = "2.0">
   <BuildAction
      parallelizeBuildables = "YES"
      buildImplicitDependencies = "YES">
      <BuildActionEntries>
         <BuildActionEntry
            buildForTesting = "YES"
            buildForRunning = "YES"
            buildForProfiling = "YES"
            buildForArchiving = "YES"
            buildForAnalyzing = "YES">
            <BuildableReference
               BuildableIdentifier = "primary"
               BlueprintIdentifier = "68BEE4181B2EE86A0009A222"
               BuildableName = "ComplicationDemo WatchApp.app"
               BlueprintName = "ComplicationDemo WatchApp"
               ReferencedContainer = "container:WatchKit-ComplicationDemo.xcodeproj">
            </BuildableReference>
         </BuildActionEntry>
         <BuildActionEntry
            buildForTesting = "YES"
            buildForRunning = "YES"
            buildForProfiling = "YES"
            buildForArchiving = "YES"
            buildForAnalyzing = "YES">
            <BuildableReference
               BuildableIdentifier = "primary"
               BlueprintIdentifier = "68BEE4011B2EE8460009A222"
               BuildableName = "WatchKit-ComplicationDemo.app"
               BlueprintName = "WatchKit-ComplicationDemo"
               ReferencedContainer = "container:WatchKit-ComplicationDemo.xcodeproj">
            </BuildableReference>
         </BuildActionEntry>
         <BuildActionEntry
            buildForTesting = "YES"
            buildForRunning = "YES"
            buildForProfiling = "YES"
            buildForArchiving = "YES"
            buildForAnalyzing = "YES">
            <BuildableReference
               BuildableIdentifier = "primary"
               BlueprintIdentifier = "68BEE4241B2EE86A0009A222"
               BuildableName = "ComplicationDemo WatchApp Extension.appex"
               BlueprintName = "ComplicationDemo WatchApp Extension"
               ReferencedContainer = "container:WatchKit-ComplicationDemo.xcodeproj">
            </BuildableReference>
         </BuildActionEntry>
      </BuildActionEntries>
   </BuildAction>
   <TestAction
      selectedDebuggerIdentifier = "Xcode.DebuggerFoundation.Debugger.LLDB"
      selectedLauncherIdentifier = "Xcode.DebuggerFoundation.Launcher.LLDB"
      shouldUseLaunchSchemeArgsEnv = "YES"
      buildConfiguration = "Debug">
      <Testables>
      </Testables>
      <MacroExpansion>
         <BuildableReference
            BuildableIdentifier = "primary"
            BlueprintIdentifier = "68BEE4181B2EE86A0009A222"
            BuildableName = "ComplicationDemo WatchApp.app"
            BlueprintName = "ComplicationDemo WatchApp"
            ReferencedContainer = "container:WatchKit-ComplicationDemo.xcodeproj">
         </BuildableReference>
      </MacroExpansion>
      <AdditionalOptions>
      </AdditionalOptions>
   </TestAction>
   <LaunchAction
      selectedDebuggerIdentifier = "Xcode.DebuggerFoundation.Debugger.LLDB"
      selectedLauncherIdentifier = "Xcode.DebuggerFoundation.Launcher.LLDB"
      launchStyle = "0"
      useCustomWorkingDirectory = "NO"
      buildConfiguration = "Debug"
      ignoresPersistentStateOnLaunch = "NO"
      debugDocumentVersioning = "YES"
      debugServiceExtension = "internal"
      allowLocationSimulation = "YES"
      launchAutomaticallySubstyle = "32">
      <RemoteRunnable
         runnableDebuggingMode = "2"
         BundleIdentifier = "com.apple.carousel"
         RemotePath = "/WatchKit-ComplicationDemo">
         <BuildableReference
            BuildableIdentifier = "primary"
            BlueprintIdentifier = "68BEE4181B2EE86A0009A222"
            BuildableName = "ComplicationDemo WatchApp.app"
            BlueprintName = "ComplicationDemo WatchApp"
            ReferencedContainer = "container:WatchKit-ComplicationDemo.xcodeproj">
         </BuildableReference>
      </RemoteRunnable>
      <MacroExpansion>
         <BuildableReference
            BuildableIdentifier = "primary"
            BlueprintIdentifier = "68BEE4181B2EE86A0009A222"
            BuildableName = "ComplicationDemo WatchApp.app"
            BlueprintName = "ComplicationDemo WatchApp"
            ReferencedContainer = "container:WatchKit-ComplicationDemo.xcodeproj">
         </BuildableReference>
      </MacroExpansion>
      <AdditionalOptions>
      </AdditionalOptions>
   </LaunchAction>
   <ProfileAction
      shouldUseLaunchSchemeArgsEnv = "YES"
      savedToolIdentifier = ""
      useCustomWorkingDirectory = "NO"
      buildConfiguration = "Release"
      debugDocumentVersioning = "YES"
      launchAutomaticallySubstyle = "32">
      <RemoteRunnable
         runnableDebuggingMode = "2"
         BundleIdentifier = "com.apple.carousel"
         RemotePath = "/WatchKit-ComplicationDemo">
         <BuildableReference
            BuildableIdentifier = "primary"
            BlueprintIdentifier = "68BEE4181B2EE86A0009A222"
            BuildableName = "ComplicationDemo WatchApp.app"
            BlueprintName = "ComplicationDemo WatchApp"
            ReferencedContainer = "container:WatchKit-ComplicationDemo.xcodeproj">
         </BuildableReference>
      </RemoteRunnable>
      <MacroExpansion>
         <BuildableReference
            BuildableIdentifier = "primary"
            BlueprintIdentifier = "68BEE4181B2EE86A0009A222"
            BuildableName = "ComplicationDemo WatchApp.app"
            BlueprintName = "ComplicationDemo WatchApp"
            ReferencedContainer = "container:WatchKit-ComplicationDemo.xcodeproj">
         </BuildableReference>
      </MacroExpansion>
   </ProfileAction>
   <AnalyzeAction
      buildConfiguration = "Debug">
   </AnalyzeAction>
   <ArchiveAction
      buildConfiguration = "Release"
      revealArchiveInOrganizer = "YES">
   </ArchiveAction>
</Scheme>
